Microsoft Visual Studio Solution File, Format Version 12.00
# Visual Studio Version 17
VisualStudioVersion = 17.5.2.0
MinimumVisualStudioVersion = 10.0.40219.1
Project("{FAE04EC0-301F-11D3-BF4B-00C04F79EFBC}") = "StFPWebsite", "StFPWebsite.csproj", "{2753DC6F-DE52-90B5-A6C5-11ACCA1DE755}"
EndProject
Global
	GlobalSection(SolutionConfigurationPlatforms) = preSolution
		Debug|Any CPU = Debug|Any CPU
		Release|Any CPU = Release|Any CPU
	EndGlobalSection
	GlobalSection(ProjectConfigurationPlatforms) = postSolution
		{2753DC6F-DE52-90B5-A6C5-11ACCA1DE755}.Debug|Any CPU.ActiveCfg = Debug|Any CPU
		{2753DC6F-DE52-90B5-A6C5-11ACCA1DE755}.Debug|Any CPU.Build.0 = Debug|Any CPU
		{2753DC6F-DE52-90B5-A6C5-11ACCA1DE755}.Release|Any CPU.ActiveCfg = Release|Any CPU
		{2753DC6F-DE52-90B5-A6C5-11ACCA1DE755}.Release|Any CPU.Build.0 = Release|Any CPU
	EndGlobalSection
	GlobalSection(SolutionProperties) = preSolution
		HideSolutionNode = FALSE
	EndGlobalSection
	GlobalSection(ExtensibilityGlobals) = postSolution
		SolutionGuid = {C1F8B62B-F585-42B4-8760-CD25B86D0E23}
	EndGlobalSection
EndGlobal
